
Microsoft Visual Studio Solution File, Format Version 12.00
# Visual Studio Version 16
VisualStudioVersion = 16.0.28803.156
MinimumVisualStudioVersion = 10.0.40219.1
Project("{FAE04EC0-301F-11D3-BF4B-00C04F79EFBC}") = "HostelApp2", "HostelApp2\HostelApp2.csproj", "{7859147E-E2AA-4FFB-A7CF-0920AE41AFD4}"
EndProject
Global
	GlobalSection(SolutionConfigurationPlatforms) = preSolution
		Debug|Any CPU = Debug|Any CPU
		Release|Any CPU = Release|Any CPU
	EndGlobalSection
	GlobalSection(ProjectConfigurationPlatforms) = postSolution
		{7859147E-E2AA-4FFB-A7CF-0920AE41AFD4}.Debug|Any CPU.ActiveCfg = Debug|Any CPU
		{7859147E-E2AA-4FFB-A7CF-0920AE41AFD4}.Debug|Any CPU.Build.0 = Debug|Any CPU
		{7859147E-E2AA-4FFB-A7CF-0920AE41AFD4}.Release|Any CPU.ActiveCfg = Release|Any CPU
		{7859147E-E2AA-4FFB-A7CF-0920AE41AFD4}.Release|Any CPU.Build.0 = Release|Any CPU
	EndGlobalSection
	GlobalSection(SolutionProperties) = preSolution
		HideSolutionNode = FALSE
	EndGlobalSection
	GlobalSection(ExtensibilityGlobals) = postSolution
		SolutionGuid = {8D536A0E-8505-4485-984E-B5F49BDBADA4}
	EndGlobalSection
EndGlobal
